// !$*UTF8*$!
{
	archiveVersion = 1;
	classes = {
	};
	objectVersion = 51;
	objects = {

/* Begin PBXBuildFile section */
		5619C79D26205FFA0088662B /* AppDelegate.swift in Sources */ = {isa = PBXBuildFile; fileRef = 5619C79C26205FFA0088662B /* AppDelegate.swift */; };
		5619C79F26205FFA0088662B /* SceneDelegate.swift in Sources */ = {isa = PBXBuildFile; fileRef = 5619C79E26205FFA0088662B /* SceneDelegate.swift */; };
		5619C7A126205FFA0088662B /* ContentView.swift in Sources */ = {isa = PBXBuildFile; fileRef = 5619C7A026205FFA0088662B /* ContentView.swift */; };
		5619C7A3262060000088662B /* Assets.xcassets in Resources */ = {isa = PBXBuildFile; fileRef = 5619C7A2262060000088662B /* Assets.xcassets */; };
		5619C7A6262060000088662B /* Preview Assets.xcassets in Resources */ = {isa = PBXBuildFile; fileRef = 5619C7A5262060000088662B /* Preview Assets.xcassets */; };
		5619C7A9262060000088662B /* LaunchScreen.storyboard in Resources */ = {isa = PBXBuildFile; fileRef = 5619C7A7262060000088662B /* LaunchScreen.storyboard */; };
		5619C7BC262062750088662B /* AppEnvironment.swift in Sources */ = {isa = PBXBuildFile; fileRef = 5619C7BB262062750088662B /* AppEnvironment.swift */; };
		5619C7C9262062C00088662B /* LazyList.swift in Sources */ = {isa = PBXBuildFile; fileRef = 5619C7BF262062BF0088662B /* LazyList.swift */; };
		5619C7CA262062C00088662B /* WebRepository.swift in Sources */ = {isa = PBXBuildFile; fileRef = 5619C7C0262062BF0088662B /* WebRepository.swift */; };
		5619C7CB262062C00088662B /* CancelBag.swift in Sources */ = {isa = PBXBuildFile; fileRef = 5619C7C1262062BF0088662B /* CancelBag.swift */; };
		5619C7CC262062C00088662B /* NetworkingHelpers.swift in Sources */ = {isa = PBXBuildFile; fileRef = 5619C7C2262062BF0088662B /* NetworkingHelpers.swift */; };
		5619C7CD262062C00088662B /* APICall.swift in Sources */ = {isa = PBXBuildFile; fileRef = 5619C7C3262062C00088662B /* APICall.swift */; };
		5619C7CE262062C00088662B /* Loadable.swift in Sources */ = {isa = PBXBuildFile; fileRef = 5619C7C4262062C00088662B /* Loadable.swift */; };
		5619C7CF262062C00088662B /* Helpers.swift in Sources */ = {isa = PBXBuildFile; fileRef = 5619C7C5262062C00088662B /* Helpers.swift */; };
		5619C7D1262062C00088662B /* Store.swift in Sources */ = {isa = PBXBuildFile; fileRef = 5619C7C7262062C00088662B /* Store.swift */; };
		5619C7E02620640A0088662B /* DependencyInjector.swift in Sources */ = {isa = PBXBuildFile; fileRef = 5619C7DD262064090088662B /* DependencyInjector.swift */; };
		5619C7E12620640A0088662B /* AppState.swift in Sources */ = {isa = PBXBuildFile; fileRef = 5619C7DE2620640A0088662B /* AppState.swift */; };
		5619C7E22620640A0088662B /* InteractorsContainer.swift in Sources */ = {isa = PBXBuildFile; fileRef = 5619C7DF2620640A0088662B /* InteractorsContainer.swift */; };
		5619C7E5262090E80088662B /* RootViewModifier.swift in Sources */ = {isa = PBXBuildFile; fileRef = 5619C7E4262090E80088662B /* RootViewModifier.swift */; };
		5619C7F0262163100088662B /* BannerPopup.swift in Sources */ = {isa = PBXBuildFile; fileRef = 5619C7EF262163100088662B /* BannerPopup.swift */; };
		5619C7F3262163490088662B /* PopupView.swift in Sources */ = {isa = PBXBuildFile; fileRef = 5619C7F2262163490088662B /* PopupView.swift */; };
		5619C7F6262164980088662B /* GenresWebRepository.swift in Sources */ = {isa = PBXBuildFile; fileRef = 5619C7F5262164980088662B /* GenresWebRepository.swift */; };
		5619C7F9262164DF0088662B /* Genres.swift in Sources */ = {isa = PBXBuildFile; fileRef = 5619C7F8262164DF0088662B /* Genres.swift */; };
		5619C7FC2621698F0088662B /* GenresInteractor.swift in Sources */ = {isa = PBXBuildFile; fileRef = 5619C7FB2621698F0088662B /* GenresInteractor.swift */; };
		5619C7FF26216B710088662B /* View+AnyViewExtentions.swift in Sources */ = {isa = PBXBuildFile; fileRef = 5619C7FE26216B710088662B /* View+AnyViewExtentions.swift */; };
		D1ED91EF7C59B1890577C472 /* Pods_Pretest.framework in Frameworks */ = {isa = PBXBuildFile; fileRef = 6911F8E6D799FA2268E58E0E /* Pods_Pretest.framework */; };
/* End PBXBuildFile section */

/* Begin PBXFileReference section */
		5619C79926205FFA0088662B /* Pretest.app */ = {isa = PBXFileReference; explicitFileType = wrapper.application; includeInIndex = 0; path = Pretest.app; sourceTree = BUILT_PRODUCTS_DIR; };
		5619C79C26205FFA0088662B /* AppDelegate.swift */ = {isa = PBXFileReference; lastKnownFileType = sourcecode.swift; path = AppDelegate.swift; sourceTree = "<group>"; };
		5619C79E26205FFA0088662B /* SceneDelegate.swift */ = {isa = PBXFileReference; lastKnownFileType = sourcecode.swift; path = SceneDelegate.swift; sourceTree = "<group>"; };
		5619C7A026205FFA0088662B /* ContentView.swift */ = {isa = PBXFileReference; lastKnownFileType = sourcecode.swift; path = ContentView.swift; sourceTree = "<group>"; };
		5619C7A2262060000088662B /* Assets.xcassets */ = {isa = PBXFileReference; lastKnownFileType = folder.assetcatalog; path = Assets.xcassets; sourceTree = "<group>"; };
		5619C7A5262060000088662B /* Preview Assets.xcassets */ = {isa = PBXFileReference; lastKnownFileType = folder.assetcatalog; path = "Preview Assets.xcassets"; sourceTree = "<group>"; };
		5619C7A8262060000088662B /* Base */ = {isa = PBXFileReference; lastKnownFileType = file.storyboard; name = Base; path = Base.lproj/LaunchScreen.storyboard; sourceTree = "<group>"; };
		5619C7AA262060000088662B /* Info.plist */ = {isa = PBXFileReference; lastKnownFileType = text.plist.xml; path = Info.plist; sourceTree = "<group>"; };
		5619C7BB262062750088662B /* AppEnvironment.swift */ = {isa = PBXFileReference; lastKnownFileType = sourcecode.swift; path = AppEnvironment.swift; sourceTree = "<group>"; };
		5619C7BF262062BF0088662B /* LazyList.swift */ = {isa = PBXFileReference; fileEncoding = 4; lastKnownFileType = sourcecode.swift; path = LazyList.swift; sourceTree = "<group>"; };
		5619C7C0262062BF0088662B /* WebRepository.swift */ = {isa = PBXFileReference; fileEncoding = 4; lastKnownFileType = sourcecode.swift; path = WebRepository.swift; sourceTree = "<group>"; };
		5619C7C1262062BF0088662B /* CancelBag.swift */ = {isa = PBXFileReference; fileEncoding = 4; lastKnownFileType = sourcecode.swift; path = CancelBag.swift; sourceTree = "<group>"; };
		5619C7C2262062BF0088662B /* NetworkingHelpers.swift */ = {isa = PBXFileReference; fileEncoding = 4; lastKnownFileType = sourcecode.swift; path = NetworkingHelpers.swift; sourceTree = "<group>"; };
		5619C7C3262062C00088662B /* APICall.swift */ = {isa = PBXFileReference; fileEncoding = 4; lastKnownFileType = sourcecode.swift; path = APICall.swift; sourceTree = "<group>"; };
		5619C7C4262062C00088662B /* Loadable.swift */ = {isa = PBXFileReference; fileEncoding = 4; lastKnownFileType = sourcecode.swift; path = Loadable.swift; sourceTree = "<group>"; };
		5619C7C5262062C00088662B /* Helpers.swift */ = {isa = PBXFileReference; fileEncoding = 4; lastKnownFileType = sourcecode.swift; path = Helpers.swift; sourceTree = "<group>"; };
		5619C7C7262062C00088662B /* Store.swift */ = {isa = PBXFileReference; fileEncoding = 4; lastKnownFileType = sourcecode.swift; path = Store.swift; sourceTree = "<group>"; };
		5619C7DD262064090088662B /* DependencyInjector.swift */ = {isa = PBXFileReference; fileEncoding = 4; lastKnownFileType = sourcecode.swift; path = DependencyInjector.swift; sourceTree = "<group>"; };
		5619C7DE2620640A0088662B /* AppState.swift */ = {isa = PBXFileReference; fileEncoding = 4; lastKnownFileType = sourcecode.swift; path = AppState.swift; sourceTree = "<group>"; };
		5619C7DF2620640A0088662B /* InteractorsContainer.swift */ = {isa = PBXFileReference; fileEncoding = 4; lastKnownFileType = sourcecode.swift; path = InteractorsContainer.swift; sourceTree = "<group>"; };
		5619C7E4262090E80088662B /* RootViewModifier.swift */ = {isa = PBXFileReference; fileEncoding = 4; lastKnownFileType = sourcecode.swift; path = RootViewModifier.swift; sourceTree = "<group>"; };
		5619C7EF262163100088662B /* BannerPopup.swift */ = {isa = PBXFileReference; lastKnownFileType = sourcecode.swift; path = BannerPopup.swift; sourceTree = "<group>"; };
		5619C7F2262163490088662B /* PopupView.swift */ = {isa = PBXFileReference; lastKnownFileType = sourcecode.swift; path = PopupView.swift; sourceTree = "<group>"; };
		5619C7F5262164980088662B /* GenresWebRepository.swift */ = {isa = PBXFileReference; lastKnownFileType = sourcecode.swift; path = GenresWebRepository.swift; sourceTree = "<group>"; };
		5619C7F8262164DF0088662B /* Genres.swift */ = {isa = PBXFileReference; lastKnownFileType = sourcecode.swift; path = Genres.swift; sourceTree = "<group>"; };
		5619C7FB2621698F0088662B /* GenresInteractor.swift */ = {isa = PBXFileReference; lastKnownFileType = sourcecode.swift; path = GenresInteractor.swift; sourceTree = "<group>"; };
		5619C7FE26216B710088662B /* View+AnyViewExtentions.swift */ = {isa = PBXFileReference; lastKnownFileType = sourcecode.swift; path = "View+AnyViewExtentions.swift"; sourceTree = "<group>"; };
		641CC1B6AFBD8449C15EBA1E /* Pods-Pretest.release.xcconfig */ = {isa = PBXFileReference; includeInIndex = 1; lastKnownFileType = text.xcconfig; name = "Pods-Pretest.release.xcconfig"; path = "Target Support Files/Pods-Pretest/Pods-Pretest.release.xcconfig"; sourceTree = "<group>"; };
		6911F8E6D799FA2268E58E0E /* Pods_Pretest.framework */ = {isa = PBXFileReference; explicitFileType = wrapper.framework; includeInIndex = 0; path = Pods_Pretest.framework; sourceTree = BUILT_PRODUCTS_DIR; };
		71C820D2B042FC69ED7F65A7 /* Pods-Pretest.debug.xcconfig */ = {isa = PBXFileReference; includeInIndex = 1; lastKnownFileType = text.xcconfig; name = "Pods-Pretest.debug.xcconfig"; path = "Target Support Files/Pods-Pretest/Pods-Pretest.debug.xcconfig"; sourceTree = "<group>"; };
/* End PBXFileReference section */

/* Begin PBXFrameworksBuildPhase section */
		5619C79626205FFA0088662B /* Frameworks */ = {
			isa = PBXFrameworksBuildPhase;
			buildActionMask = 2147483647;
			files = (
				D1ED91EF7C59B1890577C472 /* Pods_Pretest.framework in Frameworks */,
			);
			runOnlyForDeploymentPostprocessing = 0;
		};
/* End PBXFrameworksBuildPhase section */

/* Begin PBXGroup section */
		1394335C356ED9101E5DBB74 /* Frameworks */ = {
			isa = PBXGroup;
			children = (
				6911F8E6D799FA2268E58E0E /* Pods_Pretest.framework */,
			);
			name = Frameworks;
			sourceTree = "<group>";
		};
		5619C79026205FFA0088662B = {
			isa = PBXGroup;
			children = (
				5619C79B26205FFA0088662B /* Pretest */,
				5619C79A26205FFA0088662B /* Products */,
				7038BC5018F209FCCBA41659 /* Pods */,
				1394335C356ED9101E5DBB74 /* Frameworks */,
			);
			sourceTree = "<group>";
		};
		5619C79A26205FFA0088662B /* Products */ = {
			isa = PBXGroup;
			children = (
				5619C79926205FFA0088662B /* Pretest.app */,
			);
			name = Products;
			sourceTree = "<group>";
		};
		5619C79B26205FFA0088662B /* Pretest */ = {
			isa = PBXGroup;
			children = (
				5619C7B92620621C0088662B /* Resources */,
				5619C7B8262062150088662B /* Libraries */,
				5619C7B7262062110088662B /* UI */,
				5619C7B62620620D0088662B /* Models */,
				5619C7B5262061FE0088662B /* Interactors */,
				5619C7B4262061F80088662B /* Repositories */,
				5619C7B3262061F30088662B /* Injected */,
				5619C7B2262061ED0088662B /* Utilities */,
				5619C7B1262061E70088662B /* System */,
				5619C7A2262060000088662B /* Assets.xcassets */,
				5619C7A7262060000088662B /* LaunchScreen.storyboard */,
				5619C7AA262060000088662B /* Info.plist */,
				5619C7A4262060000088662B /* Preview Content */,
			);
			path = Pretest;
			sourceTree = "<group>";
		};
		5619C7A4262060000088662B /* Preview Content */ = {
			isa = PBXGroup;
			children = (
				5619C7A5262060000088662B /* Preview Assets.xcassets */,
			);
			path = "Preview Content";
			sourceTree = "<group>";
		};
		5619C7B1262061E70088662B /* System */ = {
			isa = PBXGroup;
			children = (
				5619C79C26205FFA0088662B /* AppDelegate.swift */,
				5619C79E26205FFA0088662B /* SceneDelegate.swift */,
				5619C7BB262062750088662B /* AppEnvironment.swift */,
			);
			path = System;
			sourceTree = "<group>";
		};
		5619C7B2262061ED0088662B /* Utilities */ = {
			isa = PBXGroup;
			children = (
				5619C7C3262062C00088662B /* APICall.swift */,
				5619C7C1262062BF0088662B /* CancelBag.swift */,
				5619C7C5262062C00088662B /* Helpers.swift */,
				5619C7BF262062BF0088662B /* LazyList.swift */,
				5619C7C4262062C00088662B /* Loadable.swift */,
				5619C7C2262062BF0088662B /* NetworkingHelpers.swift */,
				5619C7C7262062C00088662B /* Store.swift */,
				5619C7C0262062BF0088662B /* WebRepository.swift */,
			);
			path = Utilities;
			sourceTree = "<group>";
		};
		5619C7B3262061F30088662B /* Injected */ = {
			isa = PBXGroup;
			children = (
				5619C7DE2620640A0088662B /* AppState.swift */,
				5619C7DD262064090088662B /* DependencyInjector.swift */,
				5619C7DF2620640A0088662B /* InteractorsContainer.swift */,
			);
			path = Injected;
			sourceTree = "<group>";
		};
		5619C7B4262061F80088662B /* Repositories */ = {
			isa = PBXGroup;
			children = (
				5619C7F5262164980088662B /* GenresWebRepository.swift */,
			);
			path = Repositories;
			sourceTree = "<group>";
		};
		5619C7B5262061FE0088662B /* Interactors */ = {
			isa = PBXGroup;
			children = (
				5619C7FB2621698F0088662B /* GenresInteractor.swift */,
			);
			path = Interactors;
			sourceTree = "<group>";
		};
		5619C7B62620620D0088662B /* Models */ = {
			isa = PBXGroup;
			children = (
				5619C7F8262164DF0088662B /* Genres.swift */,
			);
			path = Models;
			sourceTree = "<group>";
		};
		5619C7B7262062110088662B /* UI */ = {
			isa = PBXGroup;
			children = (
				5619C7EA262096320088662B /* Extensions */,
				5619C7E92620962C0088662B /* Helpers */,
				5619C7E8262096240088662B /* Components */,
				5619C7E7262096170088662B /* Screen */,
				5619C7E4262090E80088662B /* RootViewModifier.swift */,
			);
			path = UI;
			sourceTree = "<group>";
		};
		5619C7B8262062150088662B /* Libraries */ = {
			isa = PBXGroup;
			children = (
			);
			path = Libraries;
			sourceTree = "<group>";
		};
		5619C7B92620621C0088662B /* Resources */ = {
			isa = PBXGroup;
			children = (
			);
			path = Resources;
			sourceTree = "<group>";
		};
		5619C7E7262096170088662B /* Screen */ = {
			isa = PBXGroup;
			children = (
				5619C80126216BB50088662B /* Genres */,
				5619C7A026205FFA0088662B /* ContentView.swift */,
			);
			path = Screen;
			sourceTree = "<group>";
		};
		5619C7E8262096240088662B /* Components */ = {
			isa = PBXGroup;
			children = (
				5619C7EE262162C50088662B /* Banner */,
			);
			path = Components;
			sourceTree = "<group>";
		};
		5619C7E92620962C0088662B /* Helpers */ = {
			isa = PBXGroup;
			children = (
			);
			path = Helpers;
			sourceTree = "<group>";
		};
		5619C7EA262096320088662B /* Extensions */ = {
			isa = PBXGroup;
			children = (
				5619C7FE26216B710088662B /* View+AnyViewExtentions.swift */,
			);
			path = Extensions;
			sourceTree = "<group>";
		};
		5619C7EE262162C50088662B /* Banner */ = {
			isa = PBXGroup;
			children = (
				5619C7EF262163100088662B /* BannerPopup.swift */,
				5619C7F2262163490088662B /* PopupView.swift */,
			);
			path = Banner;
			sourceTree = "<group>";
		};
		5619C80126216BB50088662B /* Genres */ = {
			isa = PBXGroup;
			children = (
			);
			path = Genres;
			sourceTree = "<group>";
		};
		7038BC5018F209FCCBA41659 /* Pods */ = {
			isa = PBXGroup;
			children = (
				71C820D2B042FC69ED7F65A7 /* Pods-Pretest.debug.xcconfig */,
				641CC1B6AFBD8449C15EBA1E /* Pods-Pretest.release.xcconfig */,
			);
			path = Pods;
			sourceTree = "<group>";
		};
/* End PBXGroup section */

/* Begin PBXNativeTarget section */
		5619C79826205FFA0088662B /* Pretest */ = {
			isa = PBXNativeTarget;
			buildConfigurationList = 5619C7AD262060000088662B /* Build configuration list for PBXNativeTarget "Pretest" */;
			buildPhases = (
				7EFA95899A2E7E3ECF539DF1 /* [CP] Check Pods Manifest.lock */,
				5619C79526205FFA0088662B /* Sources */,
				5619C79626205FFA0088662B /* Frameworks */,
				5619C79726205FFA0088662B /* Resources */,
				D8B9DF8C91397900A94935B8 /* [CP] Embed Pods Frameworks */,
			);
			buildRules = (
			);
			dependencies = (
			);
			name = Pretest;
			productName = Pretest;
			productReference = 5619C79926205FFA0088662B /* Pretest.app */;
			productType = "com.apple.product-type.application";
		};
/* End PBXNativeTarget section */

/* Begin PBXProject section */
		5619C79126205FFA0088662B /* Project object */ = {
			isa = PBXProject;
			attributes = {
				LastSwiftUpdateCheck = 1240;
				LastUpgradeCheck = 1240;
				TargetAttributes = {
					5619C79826205FFA0088662B = {
						CreatedOnToolsVersion = 12.4;
					};
				};
			};
			buildConfigurationList = 5619C79426205FFA0088662B /* Build configuration list for PBXProject "Pretest" */;
			compatibilityVersion = "Xcode 9.3";
			developmentRegion = en;
			hasScannedForEncodings = 0;
			knownRegions = (
				en,
				Base,
			);
			mainGroup = 5619C79026205FFA0088662B;
			productRefGroup = 5619C79A26205FFA0088662B /* Products */;
			projectDirPath = "";
			projectRoot = "";
			targets = (
				5619C79826205FFA0088662B /* Pretest */,
			);
		};
/* End PBXProject section */

/* Begin PBXResourcesBuildPhase section */
		5619C79726205FFA0088662B /* Resources */ = {
			isa = PBXResourcesBuildPhase;
			buildActionMask = 2147483647;
			files = (
				5619C7A9262060000088662B /* LaunchScreen.storyboard in Resources */,
				5619C7A6262060000088662B /* Preview Assets.xcassets in Resources */,
				5619C7A3262060000088662B /* Assets.xcassets in Resources */,
			);
			runOnlyForDeploymentPostprocessing = 0;
		};
/* End PBXResourcesBuildPhase section */

/* Begin PBXShellScriptBuildPhase section */
		7EFA95899A2E7E3ECF539DF1 /* [CP] Check Pods Manifest.lock */ = {
			isa = PBXShellScriptBuildPhase;
			buildActionMask = 2147483647;
			files = (
			);
			inputFileListPaths = (
			);
			inputPaths = (
				"${PODS_PODFILE_DIR_PATH}/Podfile.lock",
				"${PODS_ROOT}/Manifest.lock",
			);
			name = "[CP] Check Pods Manifest.lock";
			outputFileListPaths = (
			);
			outputPaths = (
				"$(DERIVED_FILE_DIR)/Pods-Pretest-checkManifestLockResult.txt",
			);
			runOnlyForDeploymentPostprocessing = 0;
			shellPath = /bin/sh;
			shellScript = "diff \"${PODS_PODFILE_DIR_PATH}/Podfile.lock\" \"${PODS_ROOT}/Manifest.lock\" > /dev/null\nif [ $? != 0 ] ; then\n    # print error to STDERR\n    echo \"error: The sandbox is not in sync with the Podfile.lock. Run 'pod install' or update your CocoaPods installation.\" >&2\n    exit 1\nfi\n# This output is used by Xcode 'outputs' to avoid re-running this script phase.\necho \"SUCCESS\" > \"${SCRIPT_OUTPUT_FILE_0}\"\n";
			showEnvVarsInLog = 0;
		};
		D8B9DF8C91397900A94935B8 /* [CP] Embed Pods Frameworks */ = {
			isa = PBXShellScriptBuildPhase;
			buildActionMask = 2147483647;
			files = (
			);
			inputFileListPaths = (
				"${PODS_ROOT}/Target Support Files/Pods-Pretest/Pods-Pretest-frameworks-${CONFIGURATION}-input-files.xcfilelist",
			);
			name = "[CP] Embed Pods Frameworks";
			outputFileListPaths = (
				"${PODS_ROOT}/Target Support Files/Pods-Pretest/Pods-Pretest-frameworks-${CONFIGURATION}-output-files.xcfilelist",
			);
			runOnlyForDeploymentPostprocessing = 0;
			shellPath = /bin/sh;
			shellScript = "\"${PODS_ROOT}/Target Support Files/Pods-Pretest/Pods-Pretest-frameworks.sh\"\n";
			showEnvVarsInLog = 0;
		};
/* End PBXShellScriptBuildPhase section */

/* Begin PBXSourcesBuildPhase section */
		5619C79526205FFA0088662B /* Sources */ = {
			isa = PBXSourcesBuildPhase;
			buildActionMask = 2147483647;
			files = (
				5619C79D26205FFA0088662B /* AppDelegate.swift in Sources */,
				5619C7F0262163100088662B /* BannerPopup.swift in Sources */,
				5619C7FC2621698F0088662B /* GenresInteractor.swift in Sources */,
				5619C7BC262062750088662B /* AppEnvironment.swift in Sources */,
				5619C7CD262062C00088662B /* APICall.swift in Sources */,
				5619C7F6262164980088662B /* GenresWebRepository.swift in Sources */,
				5619C7CB262062C00088662B /* CancelBag.swift in Sources */,
				5619C79F26205FFA0088662B /* SceneDelegate.swift in Sources */,
				5619C7C9262062C00088662B /* LazyList.swift in Sources */,
				5619C7E22620640A0088662B /* InteractorsContainer.swift in Sources */,
				5619C7CC262062C00088662B /* NetworkingHelpers.swift in Sources */,
				5619C7F3262163490088662B /* PopupView.swift in Sources */,
				5619C7F9262164DF0088662B /* Genres.swift in Sources */,
				5619C7D1262062C00088662B /* Store.swift in Sources */,
				5619C7CF262062C00088662B /* Helpers.swift in Sources */,
				5619C7E12620640A0088662B /* AppState.swift in Sources */,
				5619C7E02620640A0088662B /* DependencyInjector.swift in Sources */,
				5619C7FF26216B710088662B /* View+AnyViewExtentions.swift in Sources */,
				5619C7CE262062C00088662B /* Loadable.swift in Sources */,
				5619C7A126205FFA0088662B /* ContentView.swift in Sources */,
				5619C7CA262062C00088662B /* WebRepository.swift in Sources */,
				5619C7E5262090E80088662B /* RootViewModifier.swift in Sources */,
			);
			runOnlyForDeploymentPostprocessing = 0;
		};
/* End PBXSourcesBuildPhase section */

/* Begin PBXVariantGroup section */
		5619C7A7262060000088662B /* LaunchScreen.storyboard */ = {
			isa = PBXVariantGroup;
			children = (
				5619C7A8262060000088662B /* Base */,
			);
			name = LaunchScreen.storyboard;
			sourceTree = "<group>";
		};
/* End PBXVariantGroup section */

/* Begin XCBuildConfiguration section */
		5619C7AB262060000088662B /* Debug */ = {
			isa = XCBuildConfiguration;
			buildSettings = {
				ALWAYS_SEARCH_USER_PATHS = NO;
				CLANG_ANALYZER_NONNULL = YES;
				CLANG_ANALYZER_NUMBER_OBJECT_CONVERSION = YES_AGGRESSIVE;
				CLANG_CXX_LANGUAGE_STANDARD = "gnu++14";
				CLANG_CXX_LIBRARY = "libc++";
				CLANG_ENABLE_MODULES = YES;
				CLANG_ENABLE_OBJC_ARC = YES;
				CLANG_ENABLE_OBJC_WEAK = YES;
				CLANG_WARN_BLOCK_CAPTURE_AUTORELEASING = YES;
				CLANG_WARN_BOOL_CONVERSION = YES;
				CLANG_WARN_COMMA = YES;
				CLANG_WARN_CONSTANT_CONVERSION = YES;
				CLANG_WARN_DEPRECATED_OBJC_IMPLEMENTATIONS = YES;
				CLANG_WARN_DIRECT_OBJC_ISA_USAGE = YES_ERROR;
				CLANG_WARN_DOCUMENTATION_COMMENTS = YES;
				CLANG_WARN_EMPTY_BODY = YES;
				CLANG_WARN_ENUM_CONVERSION = YES;
				CLANG_WARN_INFINITE_RECURSION = YES;
				CLANG_WARN_INT_CONVERSION = YES;
				CLANG_WARN_NON_LITERAL_NULL_CONVERSION = YES;
				CLANG_WARN_OBJC_IMPLICIT_RETAIN_SELF = YES;
				CLANG_WARN_OBJC_LITERAL_CONVERSION = YES;
				CLANG_WARN_OBJC_ROOT_CLASS = YES_ERROR;
				CLANG_WARN_QUOTED_INCLUDE_IN_FRAMEWORK_HEADER = YES;
				CLANG_WARN_RANGE_LOOP_ANALYSIS = YES;
				CLANG_WARN_STRICT_PROTOTYPES = YES;
				CLANG_WARN_SUSPICIOUS_MOVE = YES;
				CLANG_WARN_UNGUARDED_AVAILABILITY = YES_AGGRESSIVE;
				CLANG_WARN_UNREACHABLE_CODE = YES;
				CLANG_WARN__DUPLICATE_METHOD_MATCH = YES;
				COPY_PHASE_STRIP = NO;
				DEBUG_INFORMATION_FORMAT = dwarf;
				ENABLE_STRICT_OBJC_MSGSEND = YES;
				ENABLE_TESTABILITY = YES;
				GCC_C_LANGUAGE_STANDARD = gnu11;
				GCC_DYNAMIC_NO_PIC = NO;
				GCC_NO_COMMON_BLOCKS = YES;
				GCC_OPTIMIZATION_LEVEL = 0;
				GCC_PREPROCESSOR_DEFINITIONS = (
					"DEBUG=1",
					"$(inherited)",
				);
				GCC_WARN_64_TO_32_BIT_CONVERSION = YES;
				GCC_WARN_ABOUT_RETURN_TYPE = YES_ERROR;
				GCC_WARN_UNDECLARED_SELECTOR = YES;
				GCC_WARN_UNINITIALIZED_AUTOS = YES_AGGRESSIVE;
				GCC_WARN_UNUSED_FUNCTION = YES;
				GCC_WARN_UNUSED_VARIABLE = YES;
				IPHONEOS_DEPLOYMENT_TARGET = 14.4;
				MTL_ENABLE_DEBUG_INFO = INCLUDE_SOURCE;
				MTL_FAST_MATH = YES;
				ONLY_ACTIVE_ARCH = YES;
				SDKROOT = iphoneos;
				SWIFT_ACTIVE_COMPILATION_CONDITIONS = DEBUG;
				SWIFT_OPTIMIZATION_LEVEL = "-Onone";
			};
			name = Debug;
		};
		5619C7AC262060000088662B /* Release */ = {
			isa = XCBuildConfiguration;
			buildSettings = {
				ALWAYS_SEARCH_USER_PATHS = NO;
				CLANG_ANALYZER_NONNULL = YES;
				CLANG_ANALYZER_NUMBER_OBJECT_CONVERSION = YES_AGGRESSIVE;
				CLANG_CXX_LANGUAGE_STANDARD = "gnu++14";
				CLANG_CXX_LIBRARY = "libc++";
				CLANG_ENABLE_MODULES = YES;
				CLANG_ENABLE_OBJC_ARC = YES;
				CLANG_ENABLE_OBJC_WEAK = YES;
				CLANG_WARN_BLOCK_CAPTURE_AUTORELEASING = YES;
				CLANG_WARN_BOOL_CONVERSION = YES;
				CLANG_WARN_COMMA = YES;
				CLANG_WARN_CONSTANT_CONVERSION = YES;
				CLANG_WARN_DEPRECATED_OBJC_IMPLEMENTATIONS = YES;
				CLANG_WARN_DIRECT_OBJC_ISA_USAGE = YES_ERROR;
				CLANG_WARN_DOCUMENTATION_COMMENTS = YES;
				CLANG_WARN_EMPTY_BODY = YES;
				CLANG_WARN_ENUM_CONVERSION = YES;
				CLANG_WARN_INFINITE_RECURSION = YES;
				CLANG_WARN_INT_CONVERSION = YES;
				CLANG_WARN_NON_LITERAL_NULL_CONVERSION = YES;
				CLANG_WARN_OBJC_IMPLICIT_RETAIN_SELF = YES;
				CLANG_WARN_OBJC_LITERAL_CONVERSION = YES;
				CLANG_WARN_OBJC_ROOT_CLASS = YES_ERROR;
				CLANG_WARN_QUOTED_INCLUDE_IN_FRAMEWORK_HEADER = YES;
				CLANG_WARN_RANGE_LOOP_ANALYSIS = YES;
				CLANG_WARN_STRICT_PROTOTYPES = YES;
				CLANG_WARN_SUSPICIOUS_MOVE = YES;
				CLANG_WARN_UNGUARDED_AVAILABILITY = YES_AGGRESSIVE;
				CLANG_WARN_UNREACHABLE_CODE = YES;
				CLANG_WARN__DUPLICATE_METHOD_MATCH = YES;
				COPY_PHASE_STRIP = NO;
				DEBUG_INFORMATION_FORMAT = "dwarf-with-dsym";
				ENABLE_NS_ASSERTIONS = NO;
				ENABLE_STRICT_OBJC_MSGSEND = YES;
				GCC_C_LANGUAGE_STANDARD = gnu11;
				GCC_NO_COMMON_BLOCKS = YES;
				GCC_WARN_64_TO_32_BIT_CONVERSION = YES;
				GCC_WARN_ABOUT_RETURN_TYPE = YES_ERROR;
				GCC_WARN_UNDECLARED_SELECTOR = YES;
				GCC_WARN_UNINITIALIZED_AUTOS = YES_AGGRESSIVE;
				GCC_WARN_UNUSED_FUNCTION = YES;
				GCC_WARN_UNUSED_VARIABLE = YES;
				IPHONEOS_DEPLOYMENT_TARGET = 14.4;
				MTL_ENABLE_DEBUG_INFO = NO;
				MTL_FAST_MATH = YES;
				SDKROOT = iphoneos;
				SWIFT_COMPILATION_MODE = wholemodule;
				SWIFT_OPTIMIZATION_LEVEL = "-O";
				VALIDATE_PRODUCT = YES;
			};
			name = Release;
		};
		5619C7AE262060000088662B /* Debug */ = {
			isa = XCBuildConfiguration;
			baseConfigurationReference = 71C820D2B042FC69ED7F65A7 /* Pods-Pretest.debug.xcconfig */;
			buildSettings = {
				ASSETCATALOG_COMPILER_APPICON_NAME = AppIcon;
				ASSETCATALOG_COMPILER_GLOBAL_ACCENT_COLOR_NAME = AccentColor;
				CODE_SIGN_STYLE = Automatic;
				DEVELOPMENT_ASSET_PATHS = "\"Pretest/Preview Content\"";
				DEVELOPMENT_TEAM = 67TRH3K47Q;
				ENABLE_PREVIEWS = YES;
				INFOPLIST_FILE = Pretest/Info.plist;
				LD_RUNPATH_SEARCH_PATHS = (
					"$(inherited)",
					"@executable_path/Frameworks",
				);
				PRODUCT_BUNDLE_IDENTIFIER = sel.esai.Pretest;
				PRODUCT_NAME = "$(TARGET_NAME)";
				SWIFT_VERSION = 5.0;
				TARGETED_DEVICE_FAMILY = "1,2";
			};
			name = Debug;
		};
		5619C7AF262060000088662B /* Release */ = {
			isa = XCBuildConfiguration;
			baseConfigurationReference = 641CC1B6AFBD8449C15EBA1E /* Pods-Pretest.release.xcconfig */;
			buildSettings = {
				ASSETCATALOG_COMPILER_APPICON_NAME = AppIcon;
				ASSETCATALOG_COMPILER_GLOBAL_ACCENT_COLOR_NAME = AccentColor;
				CODE_SIGN_STYLE = Automatic;
				DEVELOPMENT_ASSET_PATHS = "\"Pretest/Preview Content\"";
				DEVELOPMENT_TEAM = 67TRH3K47Q;
				ENABLE_PREVIEWS = YES;
				INFOPLIST_FILE = Pretest/Info.plist;
				LD_RUNPATH_SEARCH_PATHS = (
					"$(inherited)",
					"@executable_path/Frameworks",
				);
				PRODUCT_BUNDLE_IDENTIFIER = sel.esai.Pretest;
				PRODUCT_NAME = "$(TARGET_NAME)";
				SWIFT_VERSION = 5.0;
				TARGETED_DEVICE_FAMILY = "1,2";
			};
			name = Release;
		};
/* End XCBuildConfiguration section */

/* Begin XCConfigurationList section */
		5619C79426205FFA0088662B /* Build configuration list for PBXProject "Pretest" */ = {
			isa = XCConfigurationList;
			buildConfigurations = (
				5619C7AB262060000088662B /* Debug */,
				5619C7AC262060000088662B /* Release */,
			);
			defaultConfigurationIsVisible = 0;
			defaultConfigurationName = Release;
		};
		5619C7AD262060000088662B /* Build configuration list for PBXNativeTarget "Pretest" */ = {
			isa = XCConfigurationList;
			buildConfigurations = (
				5619C7AE262060000088662B /* Debug */,
				5619C7AF262060000088662B /* Release */,
			);
			defaultConfigurationIsVisible = 0;
			defaultConfigurationName = Release;
		};
/* End XCConfigurationList section */
	};
	rootObject = 5619C79126205FFA0088662B /* Project object */;
}
